
Microsoft Visual Studio Solution File, Format Version 12.00
# Visual Studio 15
VisualStudioVersion = 15.0.26124.0
MinimumVisualStudioVersion = 15.0.26124.0
Project("{2150E333-8FDC-42A3-9474-1A3956D46DE8}") = "src", "src", "{CB2A19A6-85E1-4BBA-834A-0D7E8A1D5653}"
EndProject
Project("{9A19103F-16F7-4668-BE54-9A1E7A4F7556}") = "Web", "src\Web\Web.csproj", "{3DE8EE28-B531-4C34-959E-1D7E847C7287}"
EndProject
Project("{2150E333-8FDC-42A3-9474-1A3956D46DE8}") = "tests", "tests", "{06FA6928-948C-45BE-8172-02EA7C7ADDA0}"
EndProject
Project("{9A19103F-16F7-4668-BE54-9A1E7A4F7556}") = "FunctionalTests", "tests\FunctionalTests\FunctionalTests.csproj", "{9AC41F41-7831-4C45-8E5E-782B57E72AA1}"
EndProject
Project("{9A19103F-16F7-4668-BE54-9A1E7A4F7556}") = "IntegrationTests", "tests\IntegrationTests\IntegrationTests.csproj", "{0A533946-CDD4-4FDB-BD4C-9C881E228F14}"
EndProject
Project("{9A19103F-16F7-4668-BE54-9A1E7A4F7556}") = "UnitTests", "tests\UnitTests\UnitTests.csproj", "{40047582-6FA5-41A6-9B97-48663A0038A6}"
EndProject
Global
	GlobalSection(SolutionConfigurationPlatforms) = preSolution
		Debug|Any CPU = Debug|Any CPU
		Debug|x64 = Debug|x64
		Debug|x86 = Debug|x86
		Release|Any CPU = Release|Any CPU
		Release|x64 = Release|x64
		Release|x86 = Release|x86
	EndGlobalSection
	GlobalSection(ProjectConfigurationPlatforms) = postSolution
		{3DE8EE28-B531-4C34-959E-1D7E847C7287}.Debug|Any CPU.ActiveCfg = Debug|Any CPU
		{3DE8EE28-B531-4C34-959E-1D7E847C7287}.Debug|Any CPU.Build.0 = Debug|Any CPU
		{3DE8EE28-B531-4C34-959E-1D7E847C7287}.Debug|x64.ActiveCfg = Debug|Any CPU
		{3DE8EE28-B531-4C34-959E-1D7E847C7287}.Debug|x64.Build.0 = Debug|Any CPU
		{3DE8EE28-B531-4C34-959E-1D7E847C7287}.Debug|x86.ActiveCfg = Debug|Any CPU
		{3DE8EE28-B531-4C34-959E-1D7E847C7287}.Debug|x86.Build.0 = Debug|Any CPU
		{3DE8EE28-B531-4C34-959E-1D7E847C7287}.Release|Any CPU.ActiveCfg = Release|Any CPU
		{3DE8EE28-B531-4C34-959E-1D7E847C7287}.Release|Any CPU.Build.0 = Release|Any CPU
		{3DE8EE28-B531-4C34-959E-1D7E847C7287}.Release|x64.ActiveCfg = Release|Any CPU
		{3DE8EE28-B531-4C34-959E-1D7E847C7287}.Release|x64.Build.0 = Release|Any CPU
		{3DE8EE28-B531-4C34-959E-1D7E847C7287}.Release|x86.ActiveCfg = Release|Any CPU
		{3DE8EE28-B531-4C34-959E-1D7E847C7287}.Release|x86.Build.0 = Release|Any CPU
		{9AC41F41-7831-4C45-8E5E-782B57E72AA1}.Debug|Any CPU.ActiveCfg = Debug|Any CPU
		{9AC41F41-7831-4C45-8E5E-782B57E72AA1}.Debug|Any CPU.Build.0 = Debug|Any CPU
		{9AC41F41-7831-4C45-8E5E-782B57E72AA1}.Debug|x64.ActiveCfg = Debug|Any CPU
		{9AC41F41-7831-4C45-8E5E-782B57E72AA1}.Debug|x64.Build.0 = Debug|Any CPU
		{9AC41F41-7831-4C45-8E5E-782B57E72AA1}.Debug|x86.ActiveCfg = Debug|Any CPU
		{9AC41F41-7831-4C45-8E5E-782B57E72AA1}.Debug|x86.Build.0 = Debug|Any CPU
		{9AC41F41-7831-4C45-8E5E-782B57E72AA1}.Release|Any CPU.ActiveCfg = Release|Any CPU
		{9AC41F41-7831-4C45-8E5E-782B57E72AA1}.Release|Any CPU.Build.0 = Release|Any CPU
		{9AC41F41-7831-4C45-8E5E-782B57E72AA1}.Release|x64.ActiveCfg = Release|Any CPU
		{9AC41F41-7831-4C45-8E5E-782B57E72AA1}.Release|x64.Build.0 = Release|Any CPU
		{9AC41F41-7831-4C45-8E5E-782B57E72AA1}.Release|x86.ActiveCfg = Release|Any CPU
		{9AC41F41-7831-4C45-8E5E-782B57E72AA1}.Release|x86.Build.0 = Release|Any CPU
		{0A533946-CDD4-4FDB-BD4C-9C881E228F14}.Debug|Any CPU.ActiveCfg = Debug|Any CPU
		{0A533946-CDD4-4FDB-BD4C-9C881E228F14}.Debug|Any CPU.Build.0 = Debug|Any CPU
		{0A533946-CDD4-4FDB-BD4C-9C881E228F14}.Debug|x64.ActiveCfg = Debug|Any CPU
		{0A533946-CDD4-4FDB-BD4C-9C881E228F14}.Debug|x64.Build.0 = Debug|Any CPU
		{0A533946-CDD4-4FDB-BD4C-9C881E228F14}.Debug|x86.ActiveCfg = Debug|Any CPU
		{0A533946-CDD4-4FDB-BD4C-9C881E228F14}.Debug|x86.Build.0 = Debug|Any CPU
		{0A533946-CDD4-4FDB-BD4C-9C881E228F14}.Release|Any CPU.ActiveCfg = Release|Any CPU
		{0A533946-CDD4-4FDB-BD4C-9C881E228F14}.Release|Any CPU.Build.0 = Release|Any CPU
		{0A533946-CDD4-4FDB-BD4C-9C881E228F14}.Release|x64.ActiveCfg = Release|Any CPU
		{0A533946-CDD4-4FDB-BD4C-9C881E228F14}.Release|x64.Build.0 = Release|Any CPU
		{0A533946-CDD4-4FDB-BD4C-9C881E228F14}.Release|x86.ActiveCfg = Release|Any CPU
		{0A533946-CDD4-4FDB-BD4C-9C881E228F14}.Release|x86.Build.0 = Release|Any CPU
		{40047582-6FA5-41A6-9B97-48663A0038A6}.Debug|Any CPU.ActiveCfg = Debug|Any CPU
		{40047582-6FA5-41A6-9B97-48663A0038A6}.Debug|Any CPU.Build.0 = Debug|Any CPU
		{40047582-6FA5-41A6-9B97-48663A0038A6}.Debug|x64.ActiveCfg = Debug|Any CPU
		{40047582-6FA5-41A6-9B97-48663A0038A6}.Debug|x64.Build.0 = Debug|Any CPU
		{40047582-6FA5-41A6-9B97-48663A0038A6}.Debug|x86.ActiveCfg = Debug|Any CPU
		{40047582-6FA5-41A6-9B97-48663A0038A6}.Debug|x86.Build.0 = Debug|Any CPU
		{40047582-6FA5-41A6-9B97-48663A0038A6}.Release|Any CPU.ActiveCfg = Release|Any CPU
		{40047582-6FA5-41A6-9B97-48663A0038A6}.Release|Any CPU.Build.0 = Release|Any CPU
		{40047582-6FA5-41A6-9B97-48663A0038A6}.Release|x64.ActiveCfg = Release|Any CPU
		{40047582-6FA5-41A6-9B97-48663A0038A6}.Release|x64.Build.0 = Release|Any CPU
		{40047582-6FA5-41A6-9B97-48663A0038A6}.Release|x86.ActiveCfg = Release|Any CPU
		{40047582-6FA5-41A6-9B97-48663A0038A6}.Release|x86.Build.0 = Release|Any CPU
	EndGlobalSection
	GlobalSection(SolutionProperties) = preSolution
		HideSolutionNode = FALSE
	EndGlobalSection
	GlobalSection(NestedProjects) = preSolution
		{3DE8EE28-B531-4C34-959E-1D7E847C7287} = {CB2A19A6-85E1-4BBA-834A-0D7E8A1D5653}
		{9AC41F41-7831-4C45-8E5E-782B57E72AA1} = {06FA6928-948C-45BE-8172-02EA7C7ADDA0}
		{0A533946-CDD4-4FDB-BD4C-9C881E228F14} = {06FA6928-948C-45BE-8172-02EA7C7ADDA0}
		{40047582-6FA5-41A6-9B97-48663A0038A6} = {06FA6928-948C-45BE-8172-02EA7C7ADDA0}
	EndGlobalSection
	GlobalSection(ExtensibilityGlobals) = postSolution
		SolutionGuid = {AFA3A67D-06AB-4318-983E-C759AF5DF825}
	EndGlobalSection
EndGlobal
